// !$*UTF8*$!
{
	archiveVersion = 1;
	classes = {
	};
	objectVersion = 46;
	objects = {

/* Begin PBXBuildFile section */
		813D8B3B1D23828400781E8D /* UIView+mt.m in Sources */ = {isa = PBXBuildFile; fileRef = 813D8B3A1D23828400781E8D /* UIView+mt.m */; };
		813D8B3D1D23857700781E8D /* QuartzCore.framework in Frameworks */ = {isa = PBXBuildFile; fileRef = 813D8B3C1D23857700781E8D /* QuartzCore.framework */; };
		813D8B401D23BB9F00781E8D /* UIScrollView+mt.m in Sources */ = {isa = PBXBuildFile; fileRef = 813D8B3F1D23BB9F00781E8D /* UIScrollView+mt.m */; };
		813D8B441D23BEDB00781E8D /* NTHttpConnection.m in Sources */ = {isa = PBXBuildFile; fileRef = 813D8B431D23BEDB00781E8D /* NTHttpConnection.m */; };
		813D8B471D23CA2A00781E8D /* NTHttpRequest.m in Sources */ = {isa = PBXBuildFile; fileRef = 813D8B461D23CA2A00781E8D /* NTHttpRequest.m */; };
		813D8B4A1D23CC8A00781E8D /* NTHttpManager.m in Sources */ = {isa = PBXBuildFile; fileRef = 813D8B491D23CC8A00781E8D /* NTHttpManager.m */; };
		813D8B5E1D23DD4400781E8D /* CxActivityIndicator.m in Sources */ = {isa = PBXBuildFile; fileRef = 813D8B4D1D23DD4400781E8D /* CxActivityIndicator.m */; };
		813D8B5F1D23DD4400781E8D /* CxCollectionView.m in Sources */ = {isa = PBXBuildFile; fileRef = 813D8B4F1D23DD4400781E8D /* CxCollectionView.m */; };
		813D8B601D23DD4400781E8D /* CxGridView.m in Sources */ = {isa = PBXBuildFile; fileRef = 813D8B511D23DD4400781E8D /* CxGridView.m */; };
		813D8B611D23DD4400781E8D /* CxGrowingTextView.m in Sources */ = {isa = PBXBuildFile; fileRef = 813D8B531D23DD4400781E8D /* CxGrowingTextView.m */; };
		813D8B621D23DD4400781E8D /* CxHorizTableView.m in Sources */ = {isa = PBXBuildFile; fileRef = 813D8B551D23DD4400781E8D /* CxHorizTableView.m */; };
		813D8B631D23DD4400781E8D /* CxPageView.m in Sources */ = {isa = PBXBuildFile; fileRef = 813D8B571D23DD4400781E8D /* CxPageView.m */; };
		813D8B641D23DD4400781E8D /* CxRatingDialog.m in Sources */ = {isa = PBXBuildFile; fileRef = 813D8B591D23DD4400781E8D /* CxRatingDialog.m */; };
		813D8B651D23DD4400781E8D /* CxToast.m in Sources */ = {isa = PBXBuildFile; fileRef = 813D8B5B1D23DD4400781E8D /* CxToast.m */; };
		813D8B661D23DD4400781E8D /* CxURLImageView.m in Sources */ = {isa = PBXBuildFile; fileRef = 813D8B5D1D23DD4400781E8D /* CxURLImageView.m */; };
		813D8B691D23E21F00781E8D /* UIGraphics+mt.m in Sources */ = {isa = PBXBuildFile; fileRef = 813D8B681D23E21F00781E8D /* UIGraphics+mt.m */; };
		81829CBF1D38DB4F007D4ACF /* AsynURLImageView.m in Sources */ = {isa = PBXBuildFile; fileRef = 81829CBE1D38DB4F007D4ACF /* AsynURLImageView.m */; };
		81829CC21D38DD99007D4ACF /* BounceButton.m in Sources */ = {isa = PBXBuildFile; fileRef = 81829CC11D38DD99007D4ACF /* BounceButton.m */; };
		81A85D671D1925A90023249A /* PLObjectModel.m in Sources */ = {isa = PBXBuildFile; fileRef = 81A85D661D1925A90023249A /* PLObjectModel.m */; };
		81A85D791D1927150023249A /* FMDatabase.m in Sources */ = {isa = PBXBuildFile; fileRef = 81A85D6D1D1927150023249A /* FMDatabase.m */; };
		81A85D7A1D1927150023249A /* FMDatabaseAdditions.m in Sources */ = {isa = PBXBuildFile; fileRef = 81A85D6F1D1927150023249A /* FMDatabaseAdditions.m */; };
		81A85D7B1D1927150023249A /* FMDatabasePool.m in Sources */ = {isa = PBXBuildFile; fileRef = 81A85D711D1927150023249A /* FMDatabasePool.m */; };
		81A85D7C1D1927150023249A /* FMDatabaseQueue.m in Sources */ = {isa = PBXBuildFile; fileRef = 81A85D731D1927150023249A /* FMDatabaseQueue.m */; };
		81A85D7D1D1927150023249A /* FMObjectTable.m in Sources */ = {isa = PBXBuildFile; fileRef = 81A85D761D1927150023249A /* FMObjectTable.m */; };
		81A85D7E1D1927150023249A /* FMResultSet.m in Sources */ = {isa = PBXBuildFile; fileRef = 81A85D781D1927150023249A /* FMResultSet.m */; };
		81A85D851D192B350023249A /* NSFileManager+mt.m in Sources */ = {isa = PBXBuildFile; fileRef = 81A85D841D192B350023249A /* NSFileManager+mt.m */; };
		81A85D881D192C080023249A /* NSObject+mt.m in Sources */ = {isa = PBXBuildFile; fileRef = 81A85D871D192C080023249A /* NSObject+mt.m */; };
		81A85D8B1D192CEC0023249A /* NSDate+mt.m in Sources */ = {isa = PBXBuildFile; fileRef = 81A85D8A1D192CEC0023249A /* NSDate+mt.m */; };
		81A85D8E1D1930900023249A /* NSString+mt.m in Sources */ = {isa = PBXBuildFile; fileRef = 81A85D8D1D1930900023249A /* NSString+mt.m */; };
		81A85D911D1934D40023249A /* UIColor+mt.m in Sources */ = {isa = PBXBuildFile; fileRef = 81A85D901D1934D40023249A /* UIColor+mt.m */; };
		81A85D941D1936730023249A /* UIImage+mt.m in Sources */ = {isa = PBXBuildFile; fileRef = 81A85D931D1936730023249A /* UIImage+mt.m */; };
		81C2B26E1D17B8EB0099D8BF /* main.m in Sources */ = {isa = PBXBuildFile; fileRef = 81C2B26D1D17B8EB0099D8BF /* main.m */; };
		81C2B2711D17B8EB0099D8BF /* AppDelegate.m in Sources */ = {isa = PBXBuildFile; fileRef = 81C2B2701D17B8EB0099D8BF /* AppDelegate.m */; };
		81C2B2741D17B8EB0099D8BF /* ViewController.m in Sources */ = {isa = PBXBuildFile; fileRef = 81C2B2731D17B8EB0099D8BF /* ViewController.m */; };
		81C2B2771D17B8EB0099D8BF /* Main.storyboard in Resources */ = {isa = PBXBuildFile; fileRef = 81C2B2751D17B8EB0099D8BF /* Main.storyboard */; };
		81C2B2791D17B8EB0099D8BF /* Assets.xcassets in Resources */ = {isa = PBXBuildFile; fileRef = 81C2B2781D17B8EB0099D8BF /* Assets.xcassets */; };
		81C2B27C1D17B8EB0099D8BF /* LaunchScreen.storyboard in Resources */ = {isa = PBXBuildFile; fileRef = 81C2B27A1D17B8EB0099D8BF /* LaunchScreen.storyboard */; };
		81C2B2A61D17B9710099D8BF /* NSData+SBJson.m in Sources */ = {isa = PBXBuildFile; fileRef = 81C2B28B1D17B9710099D8BF /* NSData+SBJson.m */; };
		81C2B2A71D17B9710099D8BF /* NSObject+SBJson.m in Sources */ = {isa = PBXBuildFile; fileRef = 81C2B28D1D17B9710099D8BF /* NSObject+SBJson.m */; };
		81C2B2A81D17B9710099D8BF /* SBJsonParser.m in Sources */ = {isa = PBXBuildFile; fileRef = 81C2B2901D17B9710099D8BF /* SBJsonParser.m */; };
		81C2B2A91D17B9710099D8BF /* SBJsonStreamParser.m in Sources */ = {isa = PBXBuildFile; fileRef = 81C2B2921D17B9710099D8BF /* SBJsonStreamParser.m */; };
		81C2B2AA1D17B9710099D8BF /* SBJsonStreamParserAccumulator.m in Sources */ = {isa = PBXBuildFile; fileRef = 81C2B2941D17B9710099D8BF /* SBJsonStreamParserAccumulator.m */; };
		81C2B2AB1D17B9710099D8BF /* SBJsonStreamParserAdapter.m in Sources */ = {isa = PBXBuildFile; fileRef = 81C2B2961D17B9710099D8BF /* SBJsonStreamParserAdapter.m */; };
		81C2B2AC1D17B9710099D8BF /* SBJsonStreamParserState.m in Sources */ = {isa = PBXBuildFile; fileRef = 81C2B2981D17B9710099D8BF /* SBJsonStreamParserState.m */; };
		81C2B2AD1D17B9710099D8BF /* SBJsonStreamWriter.m in Sources */ = {isa = PBXBuildFile; fileRef = 81C2B29A1D17B9710099D8BF /* SBJsonStreamWriter.m */; };
		81C2B2AE1D17B9710099D8BF /* SBJsonStreamWriterAccumulator.m in Sources */ = {isa = PBXBuildFile; fileRef = 81C2B29C1D17B9710099D8BF /* SBJsonStreamWriterAccumulator.m */; };
		81C2B2AF1D17B9710099D8BF /* SBJsonStreamWriterState.m in Sources */ = {isa = PBXBuildFile; fileRef = 81C2B29E1D17B9710099D8BF /* SBJsonStreamWriterState.m */; };
		81C2B2B01D17B9710099D8BF /* SBJsonTokeniser.m in Sources */ = {isa = PBXBuildFile; fileRef = 81C2B2A01D17B9710099D8BF /* SBJsonTokeniser.m */; };
		81C2B2B11D17B9710099D8BF /* SBJsonUTF8Stream.m in Sources */ = {isa = PBXBuildFile; fileRef = 81C2B2A21D17B9710099D8BF /* SBJsonUTF8Stream.m */; };
		81C2B2B21D17B9710099D8BF /* SBJsonWriter.m in Sources */ = {isa = PBXBuildFile; fileRef = 81C2B2A41D17B9710099D8BF /* SBJsonWriter.m */; };
/* End PBXBuildFile section */

/* Begin PBXFileReference section */
		813D8B391D23828400781E8D /* UIView+mt.h */ = {isa = PBXFileReference; fileEncoding = 4; lastKnownFileType = sourcecode.c.h; path = "UIView+mt.h"; sourceTree = "<group>"; };
		813D8B3A1D23828400781E8D /* UIView+mt.m */ = {isa = PBXFileReference; fileEncoding = 4; lastKnownFileType = sourcecode.c.objc; path = "UIView+mt.m"; sourceTree = "<group>"; };
		813D8B3C1D23857700781E8D /* QuartzCore.framework */ = {isa = PBXFileReference; lastKnownFileType = wrapper.framework; name = QuartzCore.framework; path = System/Library/Frameworks/QuartzCore.framework; sourceTree = SDKROOT; };
		813D8B3E1D23BB9F00781E8D /* UIScrollView+mt.h */ = {isa = PBXFileReference; fileEncoding = 4; lastKnownFileType = sourcecode.c.h; path = "UIScrollView+mt.h"; sourceTree = "<group>"; };
		813D8B3F1D23BB9F00781E8D /* UIScrollView+mt.m */ = {isa = PBXFileReference; fileEncoding = 4; lastKnownFileType = sourcecode.c.objc; path = "UIScrollView+mt.m"; sourceTree = "<group>"; };
		813D8B421D23BEDB00781E8D /* NTHttpConnection.h */ = {isa = PBXFileReference; fileEncoding = 4; lastKnownFileType = sourcecode.c.h; path = NTHttpConnection.h; sourceTree = "<group>"; };
		813D8B431D23BEDB00781E8D /* NTHttpConnection.m */ = {isa = PBXFileReference; fileEncoding = 4; lastKnownFileType = sourcecode.c.objc; path = NTHttpConnection.m; sourceTree = "<group>"; };
		813D8B451D23CA2A00781E8D /* NTHttpRequest.h */ = {isa = PBXFileReference; fileEncoding = 4; lastKnownFileType = sourcecode.c.h; path = NTHttpRequest.h; sourceTree = "<group>"; };
		813D8B461D23CA2A00781E8D /* NTHttpRequest.m */ = {isa = PBXFileReference; fileEncoding = 4; lastKnownFileType = sourcecode.c.objc; path = NTHttpRequest.m; sourceTree = "<group>"; };
		813D8B481D23CC8A00781E8D /* NTHttpManager.h */ = {isa = PBXFileReference; fileEncoding = 4; lastKnownFileType = sourcecode.c.h; path = NTHttpManager.h; sourceTree = "<group>"; };
		813D8B491D23CC8A00781E8D /* NTHttpManager.m */ = {isa = PBXFileReference; fileEncoding = 4; lastKnownFileType = sourcecode.c.objc; path = NTHttpManager.m; sourceTree = "<group>"; };
		813D8B4C1D23DD4400781E8D /* CxActivityIndicator.h */ = {isa = PBXFileReference; fileEncoding = 4; lastKnownFileType = sourcecode.c.h; path = CxActivityIndicator.h; sourceTree = "<group>"; };
		813D8B4D1D23DD4400781E8D /* CxActivityIndicator.m */ = {isa = PBXFileReference; fileEncoding = 4; lastKnownFileType = sourcecode.c.objc; path = CxActivityIndicator.m; sourceTree = "<group>"; };
		813D8B4E1D23DD4400781E8D /* CxCollectionView.h */ = {isa = PBXFileReference; fileEncoding = 4; lastKnownFileType = sourcecode.c.h; path = CxCollectionView.h; sourceTree = "<group>"; };
		813D8B4F1D23DD4400781E8D /* CxCollectionView.m */ = {isa = PBXFileReference; fileEncoding = 4; lastKnownFileType = sourcecode.c.objc; path = CxCollectionView.m; sourceTree = "<group>"; };
		813D8B501D23DD4400781E8D /* CxGridView.h */ = {isa = PBXFileReference; fileEncoding = 4; lastKnownFileType = sourcecode.c.h; path = CxGridView.h; sourceTree = "<group>"; };
		813D8B511D23DD4400781E8D /* CxGridView.m */ = {isa = PBXFileReference; fileEncoding = 4; lastKnownFileType = sourcecode.c.objc; path = CxGridView.m; sourceTree = "<group>"; };
		813D8B521D23DD4400781E8D /* CxGrowingTextView.h */ = {isa = PBXFileReference; fileEncoding = 4; lastKnownFileType = sourcecode.c.h; path = CxGrowingTextView.h; sourceTree = "<group>"; };
		813D8B531D23DD4400781E8D /* CxGrowingTextView.m */ = {isa = PBXFileReference; fileEncoding = 4; lastKnownFileType = sourcecode.c.objc; path = CxGrowingTextView.m; sourceTree = "<group>"; };
		813D8B541D23DD4400781E8D /* CxHorizTableView.h */ = {isa = PBXFileReference; fileEncoding = 4; lastKnownFileType = sourcecode.c.h; path = CxHorizTableView.h; sourceTree = "<group>"; };
		813D8B551D23DD4400781E8D /* CxHorizTableView.m */ = {isa = PBXFileReference; fileEncoding = 4; lastKnownFileType = sourcecode.c.objc; path = CxHorizTableView.m; sourceTree = "<group>"; };
		813D8B561D23DD4400781E8D /* CxPageView.h */ = {isa = PBXFileReference; fileEncoding = 4; lastKnownFileType = sourcecode.c.h; path = CxPageView.h; sourceTree = "<group>"; };
		813D8B571D23DD4400781E8D /* CxPageView.m */ = {isa = PBXFileReference; fileEncoding = 4; lastKnownFileType = sourcecode.c.objc; path = CxPageView.m; sourceTree = "<group>"; };
		813D8B581D23DD4400781E8D /* CxRatingDialog.h */ = {isa = PBXFileReference; fileEncoding = 4; lastKnownFileType = sourcecode.c.h; path = CxRatingDialog.h; sourceTree = "<group>"; };
		813D8B591D23DD4400781E8D /* CxRatingDialog.m */ = {isa = PBXFileReference; fileEncoding = 4; lastKnownFileType = sourcecode.c.objc; path = CxRatingDialog.m; sourceTree = "<group>"; };
		813D8B5A1D23DD4400781E8D /* CxToast.h */ = {isa = PBXFileReference; fileEncoding = 4; lastKnownFileType = sourcecode.c.h; path = CxToast.h; sourceTree = "<group>"; };
		813D8B5B1D23DD4400781E8D /* CxToast.m */ = {isa = PBXFileReference; fileEncoding = 4; lastKnownFileType = sourcecode.c.objc; path = CxToast.m; sourceTree = "<group>"; };
		813D8B5C1D23DD4400781E8D /* CxURLImageView.h */ = {isa = PBXFileReference; fileEncoding = 4; lastKnownFileType = sourcecode.c.h; path = CxURLImageView.h; sourceTree = "<group>"; };
		813D8B5D1D23DD4400781E8D /* CxURLImageView.m */ = {isa = PBXFileReference; fileEncoding = 4; lastKnownFileType = sourcecode.c.objc; path = CxURLImageView.m; sourceTree = "<group>"; };
		813D8B671D23E21F00781E8D /* UIGraphics+mt.h */ = {isa = PBXFileReference; fileEncoding = 4; lastKnownFileType = sourcecode.c.h; path = "UIGraphics+mt.h"; sourceTree = "<group>"; };
		813D8B681D23E21F00781E8D /* UIGraphics+mt.m */ = {isa = PBXFileReference; fileEncoding = 4; lastKnownFileType = sourcecode.c.objc; path = "UIGraphics+mt.m"; sourceTree = "<group>"; };
		81829CBD1D38DB4F007D4ACF /* AsynURLImageView.h */ = {isa = PBXFileReference; fileEncoding = 4; lastKnownFileType = sourcecode.c.h; path = AsynURLImageView.h; sourceTree = "<group>"; };
		81829CBE1D38DB4F007D4ACF /* AsynURLImageView.m */ = {isa = PBXFileReference; fileEncoding = 4; lastKnownFileType = sourcecode.c.objc; path = AsynURLImageView.m; sourceTree = "<group>"; };
		81829CC01D38DD99007D4ACF /* BounceButton.h */ = {isa = PBXFileReference; fileEncoding = 4; lastKnownFileType = sourcecode.c.h; path = BounceButton.h; sourceTree = "<group>"; };
		81829CC11D38DD99007D4ACF /* BounceButton.m */ = {isa = PBXFileReference; fileEncoding = 4; lastKnownFileType = sourcecode.c.objc; path = BounceButton.m; sourceTree = "<group>"; };
		81A85D641D1922D10023249A /* iMacro.h */ = {isa = PBXFileReference; fileEncoding = 4; lastKnownFileType = sourcecode.c.h; path = iMacro.h; sourceTree = "<group>"; };
		81A85D651D1925A90023249A /* PLObjectModel.h */ = {isa = PBXFileReference; fileEncoding = 4; lastKnownFileType = sourcecode.c.h; path = PLObjectModel.h; sourceTree = "<group>"; };
		81A85D661D1925A90023249A /* PLObjectModel.m */ = {isa = PBXFileReference; fileEncoding = 4; lastKnownFileType = sourcecode.c.objc; path = PLObjectModel.m; sourceTree = "<group>"; };
		81A85D6C1D1927150023249A /* FMDatabase.h */ = {isa = PBXFileReference; fileEncoding = 4; lastKnownFileType = sourcecode.c.h; path = FMDatabase.h; sourceTree = "<group>"; };
		81A85D6D1D1927150023249A /* FMDatabase.m */ = {isa = PBXFileReference; fileEncoding = 4; lastKnownFileType = sourcecode.c.objc; path = FMDatabase.m; sourceTree = "<group>"; };
		81A85D6E1D1927150023249A /* FMDatabaseAdditions.h */ = {isa = PBXFileReference; fileEncoding = 4; lastKnownFileType = sourcecode.c.h; path = FMDatabaseAdditions.h; sourceTree = "<group>"; };
		81A85D6F1D1927150023249A /* FMDatabaseAdditions.m */ = {isa = PBXFileReference; fileEncoding = 4; lastKnownFileType = sourcecode.c.objc; path = FMDatabaseAdditions.m; sourceTree = "<group>"; };
		81A85D701D1927150023249A /* FMDatabasePool.h */ = {isa = PBXFileReference; fileEncoding = 4; lastKnownFileType = sourcecode.c.h; path = FMDatabasePool.h; sourceTree = "<group>"; };
		81A85D711D1927150023249A /* FMDatabasePool.m */ = {isa = PBXFileReference; fileEncoding = 4; lastKnownFileType = sourcecode.c.objc; path = FMDatabasePool.m; sourceTree = "<group>"; };
		81A85D721D1927150023249A /* FMDatabaseQueue.h */ = {isa = PBXFileReference; fileEncoding = 4; lastKnownFileType = sourcecode.c.h; path = FMDatabaseQueue.h; sourceTree = "<group>"; };
		81A85D731D1927150023249A /* FMDatabaseQueue.m */ = {isa = PBXFileReference; fileEncoding = 4; lastKnownFileType = sourcecode.c.objc; path = FMDatabaseQueue.m; sourceTree = "<group>"; };
		81A85D741D1927150023249A /* FMObjectProtocol.h */ = {isa = PBXFileReference; fileEncoding = 4; lastKnownFileType = sourcecode.c.h; path = FMObjectProtocol.h; sourceTree = "<group>"; };
		81A85D751D1927150023249A /* FMObjectTable.h */ = {isa = PBXFileReference; fileEncoding = 4; lastKnownFileType = sourcecode.c.h; path = FMObjectTable.h; sourceTree = "<group>"; };
		81A85D761D1927150023249A /* FMObjectTable.m */ = {isa = PBXFileReference; fileEncoding = 4; lastKnownFileType = sourcecode.c.objc; path = FMObjectTable.m; sourceTree = "<group>"; };
		81A85D771D1927150023249A /* FMResultSet.h */ = {isa = PBXFileReference; fileEncoding = 4; lastKnownFileType = sourcecode.c.h; path = FMResultSet.h; sourceTree = "<group>"; };
		81A85D781D1927150023249A /* FMResultSet.m */ = {isa = PBXFileReference; fileEncoding = 4; lastKnownFileType = sourcecode.c.objc; path = FMResultSet.m; sourceTree = "<group>"; };
		81A85D831D192B350023249A /* NSFileManager+mt.h */ = {isa = PBXFileReference; fileEncoding = 4; lastKnownFileType = sourcecode.c.h; path = "NSFileManager+mt.h"; sourceTree = "<group>"; };
		81A85D841D192B350023249A /* NSFileManager+mt.m */ = {isa = PBXFileReference; fileEncoding = 4; lastKnownFileType = sourcecode.c.objc; path = "NSFileManager+mt.m"; sourceTree = "<group>"; };
		81A85D861D192C080023249A /* NSObject+mt.h */ = {isa = PBXFileReference; fileEncoding = 4; lastKnownFileType = sourcecode.c.h; path = "NSObject+mt.h"; sourceTree = "<group>"; };
		81A85D871D192C080023249A /* NSObject+mt.m */ = {isa = PBXFileReference; fileEncoding = 4; lastKnownFileType = sourcecode.c.objc; path = "NSObject+mt.m"; sourceTree = "<group>"; };
		81A85D891D192CEC0023249A /* NSDate+mt.h */ = {isa = PBXFileReference; fileEncoding = 4; lastKnownFileType = sourcecode.c.h; path = "NSDate+mt.h"; sourceTree = "<group>"; };
		81A85D8A1D192CEC0023249A /* NSDate+mt.m */ = {isa = PBXFileReference; fileEncoding = 4; lastKnownFileType = sourcecode.c.objc; path = "NSDate+mt.m"; sourceTree = "<group>"; };
		81A85D8C1D1930900023249A /* NSString+mt.h */ = {isa = PBXFileReference; fileEncoding = 4; lastKnownFileType = sourcecode.c.h; path = "NSString+mt.h"; sourceTree = "<group>"; };
		81A85D8D1D1930900023249A /* NSString+mt.m */ = {isa = PBXFileReference; fileEncoding = 4; lastKnownFileType = sourcecode.c.objc; path = "NSString+mt.m"; sourceTree = "<group>"; };
		81A85D8F1D1934D40023249A /* UIColor+mt.h */ = {isa = PBXFileReference; fileEncoding = 4; lastKnownFileType = sourcecode.c.h; path = "UIColor+mt.h"; sourceTree = "<group>"; };
		81A85D901D1934D40023249A /* UIColor+mt.m */ = {isa = PBXFileReference; fileEncoding = 4; lastKnownFileType = sourcecode.c.objc; path = "UIColor+mt.m"; sourceTree = "<group>"; };
		81A85D921D1936730023249A /* UIImage+mt.h */ = {isa = PBXFileReference; fileEncoding = 4; lastKnownFileType = sourcecode.c.h; path = "UIImage+mt.h"; sourceTree = "<group>"; };
		81A85D931D1936730023249A /* UIImage+mt.m */ = {isa = PBXFileReference; fileEncoding = 4; lastKnownFileType = sourcecode.c.objc; path = "UIImage+mt.m"; sourceTree = "<group>"; };
		81C2B2691D17B8EB0099D8BF /* MTFoundationDemo.app */ = {isa = PBXFileReference; explicitFileType = wrapper.application; includeInIndex = 0; path = MTFoundationDemo.app; sourceTree = BUILT_PRODUCTS_DIR; };
		81C2B26D1D17B8EB0099D8BF /* main.m */ = {isa = PBXFileReference; lastKnownFileType = sourcecode.c.objc; path = main.m; sourceTree = "<group>"; };
		81C2B26F1D17B8EB0099D8BF /* AppDelegate.h */ = {isa = PBXFileReference; lastKnownFileType = sourcecode.c.h; path = AppDelegate.h; sourceTree = "<group>"; };
		81C2B2701D17B8EB0099D8BF /* AppDelegate.m */ = {isa = PBXFileReference; lastKnownFileType = sourcecode.c.objc; path = AppDelegate.m; sourceTree = "<group>"; };
		81C2B2721D17B8EB0099D8BF /* ViewController.h */ = {isa = PBXFileReference; lastKnownFileType = sourcecode.c.h; path = ViewController.h; sourceTree = "<group>"; };
		81C2B2731D17B8EB0099D8BF /* ViewController.m */ = {isa = PBXFileReference; lastKnownFileType = sourcecode.c.objc; path = ViewController.m; sourceTree = "<group>"; };
		81C2B2761D17B8EB0099D8BF /* Base */ = {isa = PBXFileReference; lastKnownFileType = file.storyboard; name = Base; path = Base.lproj/Main.storyboard; sourceTree = "<group>"; };
		81C2B2781D17B8EB0099D8BF /* Assets.xcassets */ = {isa = PBXFileReference; lastKnownFileType = folder.assetcatalog; path = Assets.xcassets; sourceTree = "<group>"; };
		81C2B27B1D17B8EB0099D8BF /* Base */ = {isa = PBXFileReference; lastKnownFileType = file.storyboard; name = Base; path = Base.lproj/LaunchScreen.storyboard; sourceTree = "<group>"; };
		81C2B27D1D17B8EB0099D8BF /* Info.plist */ = {isa = PBXFileReference; lastKnownFileType = text.plist.xml; path = Info.plist; sourceTree = "<group>"; };
		81C2B2891D17B9710099D8BF /* JSON.h */ = {isa = PBXFileReference; fileEncoding = 4; lastKnownFileType = sourcecode.c.h; path = JSON.h; sourceTree = "<group>"; };
		81C2B28A1D17B9710099D8BF /* NSData+SBJson.h */ = {isa = PBXFileReference; fileEncoding = 4; lastKnownFileType = sourcecode.c.h; path = "NSData+SBJson.h"; sourceTree = "<group>"; };
		81C2B28B1D17B9710099D8BF /* NSData+SBJson.m */ = {isa = PBXFileReference; fileEncoding = 4; lastKnownFileType = sourcecode.c.objc; path = "NSData+SBJson.m"; sourceTree = "<group>"; };
		81C2B28C1D17B9710099D8BF /* NSObject+SBJson.h */ = {isa = PBXFileReference; fileEncoding = 4; lastKnownFileType = sourcecode.c.h; path = "NSObject+SBJson.h"; sourceTree = "<group>"; };
		81C2B28D1D17B9710099D8BF /* NSObject+SBJson.m */ = {isa = PBXFileReference; fileEncoding = 4; lastKnownFileType = sourcecode.c.objc; path = "NSObject+SBJson.m"; sourceTree = "<group>"; };
		81C2B28E1D17B9710099D8BF /* SBJson.h */ = {isa = PBXFileReference; fileEncoding = 4; lastKnownFileType = sourcecode.c.h; path = SBJson.h; sourceTree = "<group>"; };
		81C2B28F1D17B9710099D8BF /* SBJsonParser.h */ = {isa = PBXFileReference; fileEncoding = 4; lastKnownFileType = sourcecode.c.h; path = SBJsonParser.h; sourceTree = "<group>"; };
		81C2B2901D17B9710099D8BF /* SBJsonParser.m */ = {isa = PBXFileReference; fileEncoding = 4; lastKnownFileType = sourcecode.c.objc; path = SBJsonParser.m; sourceTree = "<group>"; };
		81C2B2911D17B9710099D8BF /* SBJsonStreamParser.h */ = {isa = PBXFileReference; fileEncoding = 4; lastKnownFileType = sourcecode.c.h; path = SBJsonStreamParser.h; sourceTree = "<group>"; };
		81C2B2921D17B9710099D8BF /* SBJsonStreamParser.m */ = {isa = PBXFileReference; fileEncoding = 4; lastKnownFileType = sourcecode.c.objc; path = SBJsonStreamParser.m; sourceTree = "<group>"; };
		81C2B2931D17B9710099D8BF /* SBJsonStreamParserAccumulator.h */ = {isa = PBXFileReference; fileEncoding = 4; lastKnownFileType = sourcecode.c.h; path = SBJsonStreamParserAccumulator.h; sourceTree = "<group>"; };
		81C2B2941D17B9710099D8BF /* SBJsonStreamParserAccumulator.m */ = {isa = PBXFileReference; fileEncoding = 4; lastKnownFileType = sourcecode.c.objc; path = SBJsonStreamParserAccumulator.m; sourceTree = "<group>"; };
		81C2B2951D17B9710099D8BF /* SBJsonStreamParserAdapter.h */ = {isa = PBXFileReference; fileEncoding = 4; lastKnownFileType = sourcecode.c.h; path = SBJsonStreamParserAdapter.h; sourceTree = "<group>"; };
		81C2B2961D17B9710099D8BF /* SBJsonStreamParserAdapter.m */ = {isa = PBXFileReference; fileEncoding = 4; lastKnownFileType = sourcecode.c.objc; path = SBJsonStreamParserAdapter.m; sourceTree = "<group>"; };
		81C2B2971D17B9710099D8BF /* SBJsonStreamParserState.h */ = {isa = PBXFileReference; fileEncoding = 4; lastKnownFileType = sourcecode.c.h; path = SBJsonStreamParserState.h; sourceTree = "<group>"; };
		81C2B2981D17B9710099D8BF /* SBJsonStreamParserState.m */ = {isa = PBXFileReference; fileEncoding = 4; lastKnownFileType = sourcecode.c.objc; path = SBJsonStreamParserState.m; sourceTree = "<group>"; };
		81C2B2991D17B9710099D8BF /* SBJsonStreamWriter.h */ = {isa = PBXFileReference; fileEncoding = 4; lastKnownFileType = sourcecode.c.h; path = SBJsonStreamWriter.h; sourceTree = "<group>"; };
		81C2B29A1D17B9710099D8BF /* SBJsonStreamWriter.m */ = {isa = PBXFileReference; fileEncoding = 4; lastKnownFileType = sourcecode.c.objc; path = SBJsonStreamWriter.m; sourceTree = "<group>"; };
		81C2B29B1D17B9710099D8BF /* SBJsonStreamWriterAccumulator.h */ = {isa = PBXFileReference; fileEncoding = 4; lastKnownFileType = sourcecode.c.h; path = SBJsonStreamWriterAccumulator.h; sourceTree = "<group>"; };
		81C2B29C1D17B9710099D8BF /* SBJsonStreamWriterAccumulator.m */ = {isa = PBXFileReference; fileEncoding = 4; lastKnownFileType = sourcecode.c.objc; path = SBJsonStreamWriterAccumulator.m; sourceTree = "<group>"; };
		81C2B29D1D17B9710099D8BF /* SBJsonStreamWriterState.h */ = {isa = PBXFileReference; fileEncoding = 4; lastKnownFileType = sourcecode.c.h; path = SBJsonStreamWriterState.h; sourceTree = "<group>"; };
		81C2B29E1D17B9710099D8BF /* SBJsonStreamWriterState.m */ = {isa = PBXFileReference; fileEncoding = 4; lastKnownFileType = sourcecode.c.objc; path = SBJsonStreamWriterState.m; sourceTree = "<group>"; };
		81C2B29F1D17B9710099D8BF /* SBJsonTokeniser.h */ = {isa = PBXFileReference; fileEncoding = 4; lastKnownFileType = sourcecode.c.h; path = SBJsonTokeniser.h; sourceTree = "<group>"; };
		81C2B2A01D17B9710099D8BF /* SBJsonTokeniser.m */ = {isa = PBXFileReference; fileEncoding = 4; lastKnownFileType = sourcecode.c.objc; path = SBJsonTokeniser.m; sourceTree = "<group>"; };
		81C2B2A11D17B9710099D8BF /* SBJsonUTF8Stream.h */ = {isa = PBXFileReference; fileEncoding = 4; lastKnownFileType = sourcecode.c.h; path = SBJsonUTF8Stream.h; sourceTree = "<group>"; };
		81C2B2A21D17B9710099D8BF /* SBJsonUTF8Stream.m */ = {isa = PBXFileReference; fileEncoding = 4; lastKnownFileType = sourcecode.c.objc; path = SBJsonUTF8Stream.m; sourceTree = "<group>"; };
		81C2B2A31D17B9710099D8BF /* SBJsonWriter.h */ = {isa = PBXFileReference; fileEncoding = 4; lastKnownFileType = sourcecode.c.h; path = SBJsonWriter.h; sourceTree = "<group>"; };
		81C2B2A41D17B9710099D8BF /* SBJsonWriter.m */ = {isa = PBXFileReference; fileEncoding = 4; lastKnownFileType = sourcecode.c.objc; path = SBJsonWriter.m; sourceTree = "<group>"; };
/* End PBXFileReference section */

/* Begin PBXFrameworksBuildPhase section */
		81C2B2661D17B8EB0099D8BF /* Frameworks */ = {
			isa = PBXFrameworksBuildPhase;
			buildActionMask = 2147483647;
			files = (
				813D8B3D1D23857700781E8D /* QuartzCore.framework in Frameworks */,
			);
			runOnlyForDeploymentPostprocessing = 0;
		};
/* End PBXFrameworksBuildPhase section */

/* Begin PBXGroup section */
		813D8B411D23BEB400781E8D /* Network */ = {
			isa = PBXGroup;
			children = (
				813D8B421D23BEDB00781E8D /* NTHttpConnection.h */,
				813D8B431D23BEDB00781E8D /* NTHttpConnection.m */,
				813D8B451D23CA2A00781E8D /* NTHttpRequest.h */,
				813D8B461D23CA2A00781E8D /* NTHttpRequest.m */,
				813D8B481D23CC8A00781E8D /* NTHttpManager.h */,
				813D8B491D23CC8A00781E8D /* NTHttpManager.m */,
			);
			path = Network;
			sourceTree = "<group>";
		};
		813D8B4B1D23DD4400781E8D /* Widget */ = {
			isa = PBXGroup;
			children = (
				813D8B4C1D23DD4400781E8D /* CxActivityIndicator.h */,
				813D8B4D1D23DD4400781E8D /* CxActivityIndicator.m */,
				813D8B4E1D23DD4400781E8D /* CxCollectionView.h */,
				813D8B4F1D23DD4400781E8D /* CxCollectionView.m */,
				813D8B501D23DD4400781E8D /* CxGridView.h */,
				813D8B511D23DD4400781E8D /* CxGridView.m */,
				813D8B521D23DD4400781E8D /* CxGrowingTextView.h */,
				813D8B531D23DD4400781E8D /* CxGrowingTextView.m */,
				813D8B541D23DD4400781E8D /* CxHorizTableView.h */,
				813D8B551D23DD4400781E8D /* CxHorizTableView.m */,
				813D8B561D23DD4400781E8D /* CxPageView.h */,
				813D8B571D23DD4400781E8D /* CxPageView.m */,
				813D8B581D23DD4400781E8D /* CxRatingDialog.h */,
				813D8B591D23DD4400781E8D /* CxRatingDialog.m */,
				813D8B5A1D23DD4400781E8D /* CxToast.h */,
				813D8B5B1D23DD4400781E8D /* CxToast.m */,
				813D8B5C1D23DD4400781E8D /* CxURLImageView.h */,
				813D8B5D1D23DD4400781E8D /* CxURLImageView.m */,
			);
			path = Widget;
			sourceTree = "<group>";
		};
		81829CBC1D38DAFB007D4ACF /* UI */ = {
			isa = PBXGroup;
			children = (
				81829CBD1D38DB4F007D4ACF /* AsynURLImageView.h */,
				81829CBE1D38DB4F007D4ACF /* AsynURLImageView.m */,
				81829CC01D38DD99007D4ACF /* BounceButton.h */,
				81829CC11D38DD99007D4ACF /* BounceButton.m */,
			);
			path = UI;
			sourceTree = "<group>";
		};
		81C2B2601D17B8EB0099D8BF = {
			isa = PBXGroup;
			children = (
				813D8B3C1D23857700781E8D /* QuartzCore.framework */,
				81C2B2831D17B9710099D8BF /* MTFoundation */,
				81C2B26B1D17B8EB0099D8BF /* MTFoundationDemo */,
				81C2B26A1D17B8EB0099D8BF /* Products */,
			);
			sourceTree = "<group>";
		};
		81C2B26A1D17B8EB0099D8BF /* Products */ = {
			isa = PBXGroup;
			children = (
				81C2B2691D17B8EB0099D8BF /* MTFoundationDemo.app */,
			);
			name = Products;
			sourceTree = "<group>";
		};
		81C2B26B1D17B8EB0099D8BF /* MTFoundationDemo */ = {
			isa = PBXGroup;
			children = (
				81C2B26F1D17B8EB0099D8BF /* AppDelegate.h */,
				81C2B2701D17B8EB0099D8BF /* AppDelegate.m */,
				81C2B2721D17B8EB0099D8BF /* ViewController.h */,
				81C2B2731D17B8EB0099D8BF /* ViewController.m */,
				81C2B2751D17B8EB0099D8BF /* Main.storyboard */,
				81C2B2781D17B8EB0099D8BF /* Assets.xcassets */,
				81C2B27A1D17B8EB0099D8BF /* LaunchScreen.storyboard */,
				81C2B27D1D17B8EB0099D8BF /* Info.plist */,
				81C2B26C1D17B8EB0099D8BF /* Supporting Files */,
			);
			path = MTFoundationDemo;
			sourceTree = "<group>";
		};
		81C2B26C1D17B8EB0099D8BF /* Supporting Files */ = {
			isa = PBXGroup;
			children = (
				81C2B26D1D17B8EB0099D8BF /* main.m */,
			);
			name = "Supporting Files";
			sourceTree = "<group>";
		};
		81C2B2831D17B9710099D8BF /* MTFoundation */ = {
			isa = PBXGroup;
			children = (
				81C2B2841D17B9710099D8BF /* Category */,
				81C2B2851D17B9710099D8BF /* FMDB */,
				81C2B2861D17B9710099D8BF /* Model */,
				813D8B411D23BEB400781E8D /* Network */,
				81C2B2881D17B9710099D8BF /* SBJson */,
				813D8B4B1D23DD4400781E8D /* Widget */,
				81829CBC1D38DAFB007D4ACF /* UI */,
			);
			name = MTFoundation;
			path = ../MTFoundation;
			sourceTree = "<group>";
		};
		81C2B2841D17B9710099D8BF /* Category */ = {
			isa = PBXGroup;
			children = (
				81A85D641D1922D10023249A /* iMacro.h */,
				81A85D831D192B350023249A /* NSFileManager+mt.h */,
				81A85D841D192B350023249A /* NSFileManager+mt.m */,
				81A85D861D192C080023249A /* NSObject+mt.h */,
				81A85D871D192C080023249A /* NSObject+mt.m */,
				81A85D891D192CEC0023249A /* NSDate+mt.h */,
				81A85D8A1D192CEC0023249A /* NSDate+mt.m */,
				81A85D8C1D1930900023249A /* NSString+mt.h */,
				81A85D8D1D1930900023249A /* NSString+mt.m */,
				81A85D8F1D1934D40023249A /* UIColor+mt.h */,
				81A85D901D1934D40023249A /* UIColor+mt.m */,
				81A85D921D1936730023249A /* UIImage+mt.h */,
				81A85D931D1936730023249A /* UIImage+mt.m */,
				813D8B391D23828400781E8D /* UIView+mt.h */,
				813D8B3A1D23828400781E8D /* UIView+mt.m */,
				813D8B3E1D23BB9F00781E8D /* UIScrollView+mt.h */,
				813D8B3F1D23BB9F00781E8D /* UIScrollView+mt.m */,
				813D8B671D23E21F00781E8D /* UIGraphics+mt.h */,
				813D8B681D23E21F00781E8D /* UIGraphics+mt.m */,
			);
			path = Category;
			sourceTree = "<group>";
		};
		81C2B2851D17B9710099D8BF /* FMDB */ = {
			isa = PBXGroup;
			children = (
				81A85D6C1D1927150023249A /* FMDatabase.h */,
				81A85D6D1D1927150023249A /* FMDatabase.m */,
				81A85D6E1D1927150023249A /* FMDatabaseAdditions.h */,
				81A85D6F1D1927150023249A /* FMDatabaseAdditions.m */,
				81A85D701D1927150023249A /* FMDatabasePool.h */,
				81A85D711D1927150023249A /* FMDatabasePool.m */,
				81A85D721D1927150023249A /* FMDatabaseQueue.h */,
				81A85D731D1927150023249A /* FMDatabaseQueue.m */,
				81A85D741D1927150023249A /* FMObjectProtocol.h */,
				81A85D751D1927150023249A /* FMObjectTable.h */,
				81A85D761D1927150023249A /* FMObjectTable.m */,
				81A85D771D1927150023249A /* FMResultSet.h */,
				81A85D781D1927150023249A /* FMResultSet.m */,
			);
			path = FMDB;
			sourceTree = "<group>";
		};
		81C2B2861D17B9710099D8BF /* Model */ = {
			isa = PBXGroup;
			children = (
				81A85D651D1925A90023249A /* PLObjectModel.h */,
				81A85D661D1925A90023249A /* PLObjectModel.m */,
			);
			path = Model;
			sourceTree = "<group>";
		};
		81C2B2881D17B9710099D8BF /* SBJson */ = {
			isa = PBXGroup;
			children = (
				81C2B2891D17B9710099D8BF /* JSON.h */,
				81C2B28A1D17B9710099D8BF /* NSData+SBJson.h */,
				81C2B28B1D17B9710099D8BF /* NSData+SBJson.m */,
				81C2B28C1D17B9710099D8BF /* NSObject+SBJson.h */,
				81C2B28D1D17B9710099D8BF /* NSObject+SBJson.m */,
				81C2B28E1D17B9710099D8BF /* SBJson.h */,
				81C2B28F1D17B9710099D8BF /* SBJsonParser.h */,
				81C2B2901D17B9710099D8BF /* SBJsonParser.m */,
				81C2B2911D17B9710099D8BF /* SBJsonStreamParser.h */,
				81C2B2921D17B9710099D8BF /* SBJsonStreamParser.m */,
				81C2B2931D17B9710099D8BF /* SBJsonStreamParserAccumulator.h */,
				81C2B2941D17B9710099D8BF /* SBJsonStreamParserAccumulator.m */,
				81C2B2951D17B9710099D8BF /* SBJsonStreamParserAdapter.h */,
				81C2B2961D17B9710099D8BF /* SBJsonStreamParserAdapter.m */,
				81C2B2971D17B9710099D8BF /* SBJsonStreamParserState.h */,
				81C2B2981D17B9710099D8BF /* SBJsonStreamParserState.m */,
				81C2B2991D17B9710099D8BF /* SBJsonStreamWriter.h */,
				81C2B29A1D17B9710099D8BF /* SBJsonStreamWriter.m */,
				81C2B29B1D17B9710099D8BF /* SBJsonStreamWriterAccumulator.h */,
				81C2B29C1D17B9710099D8BF /* SBJsonStreamWriterAccumulator.m */,
				81C2B29D1D17B9710099D8BF /* SBJsonStreamWriterState.h */,
				81C2B29E1D17B9710099D8BF /* SBJsonStreamWriterState.m */,
				81C2B29F1D17B9710099D8BF /* SBJsonTokeniser.h */,
				81C2B2A01D17B9710099D8BF /* SBJsonTokeniser.m */,
				81C2B2A11D17B9710099D8BF /* SBJsonUTF8Stream.h */,
				81C2B2A21D17B9710099D8BF /* SBJsonUTF8Stream.m */,
				81C2B2A31D17B9710099D8BF /* SBJsonWriter.h */,
				81C2B2A41D17B9710099D8BF /* SBJsonWriter.m */,
			);
			path = SBJson;
			sourceTree = "<group>";
		};
/* End PBXGroup section */

/* Begin PBXNativeTarget section */
		81C2B2681D17B8EB0099D8BF /* MTFoundationDemo */ = {
			isa = PBXNativeTarget;
			buildConfigurationList = 81C2B2801D17B8EB0099D8BF /* Build configuration list for PBXNativeTarget "MTFoundationDemo" */;
			buildPhases = (
				81C2B2651D17B8EB0099D8BF /* Sources */,
				81C2B2661D17B8EB0099D8BF /* Frameworks */,
				81C2B2671D17B8EB0099D8BF /* Resources */,
			);
			buildRules = (
			);
			dependencies = (
			);
			name = MTFoundationDemo;
			productName = MTFoundationDemo;
			productReference = 81C2B2691D17B8EB0099D8BF /* MTFoundationDemo.app */;
			productType = "com.apple.product-type.application";
		};
/* End PBXNativeTarget section */

/* Begin PBXProject section */
		81C2B2611D17B8EB0099D8BF /* Project object */ = {
			isa = PBXProject;
			attributes = {
				LastUpgradeCheck = 0730;
				ORGANIZATIONNAME = xiangby;
				TargetAttributes = {
					81C2B2681D17B8EB0099D8BF = {
						CreatedOnToolsVersion = 7.3;
					};
				};
			};
			buildConfigurationList = 81C2B2641D17B8EB0099D8BF /* Build configuration list for PBXProject "MTFoundationDemo" */;
			compatibilityVersion = "Xcode 3.2";
			developmentRegion = English;
			hasScannedForEncodings = 0;
			knownRegions = (
				en,
				Base,
			);
			mainGroup = 81C2B2601D17B8EB0099D8BF;
			productRefGroup = 81C2B26A1D17B8EB0099D8BF /* Products */;
			projectDirPath = "";
			projectRoot = "";
			targets = (
				81C2B2681D17B8EB0099D8BF /* MTFoundationDemo */,
			);
		};
/* End PBXProject section */

/* Begin PBXResourcesBuildPhase section */
		81C2B2671D17B8EB0099D8BF /* Resources */ = {
			isa = PBXResourcesBuildPhase;
			buildActionMask = 2147483647;
			files = (
				81C2B27C1D17B8EB0099D8BF /* LaunchScreen.storyboard in Resources */,
				81C2B2791D17B8EB0099D8BF /* Assets.xcassets in Resources */,
				81C2B2771D17B8EB0099D8BF /* Main.storyboard in Resources */,
			);
			runOnlyForDeploymentPostprocessing = 0;
		};
/* End PBXResourcesBuildPhase section */

/* Begin PBXSourcesBuildPhase section */
		81C2B2651D17B8EB0099D8BF /* Sources */ = {
			isa = PBXSourcesBuildPhase;
			buildActionMask = 2147483647;
			files = (
				813D8B611D23DD4400781E8D /* CxGrowingTextView.m in Sources */,
				81A85D911D1934D40023249A /* UIColor+mt.m in Sources */,
				813D8B3B1D23828400781E8D /* UIView+mt.m in Sources */,
				81C2B2741D17B8EB0099D8BF /* ViewController.m in Sources */,
				81C2B2711D17B8EB0099D8BF /* AppDelegate.m in Sources */,
				81A85D671D1925A90023249A /* PLObjectModel.m in Sources */,
				81A85D791D1927150023249A /* FMDatabase.m in Sources */,
				81C2B2AE1D17B9710099D8BF /* SBJsonStreamWriterAccumulator.m in Sources */,
				81C2B2AA1D17B9710099D8BF /* SBJsonStreamParserAccumulator.m in Sources */,
				81C2B2AC1D17B9710099D8BF /* SBJsonStreamParserState.m in Sources */,
				81C2B2B21D17B9710099D8BF /* SBJsonWriter.m in Sources */,
				81C2B26E1D17B8EB0099D8BF /* main.m in Sources */,
				81C2B2AF1D17B9710099D8BF /* SBJsonStreamWriterState.m in Sources */,
				81C2B2A81D17B9710099D8BF /* SBJsonParser.m in Sources */,
				813D8B401D23BB9F00781E8D /* UIScrollView+mt.m in Sources */,
				813D8B661D23DD4400781E8D /* CxURLImageView.m in Sources */,
				81C2B2B11D17B9710099D8BF /* SBJsonUTF8Stream.m in Sources */,
				813D8B5F1D23DD4400781E8D /* CxCollectionView.m in Sources */,
				81A85D7D1D1927150023249A /* FMObjectTable.m in Sources */,
				81829CBF1D38DB4F007D4ACF /* AsynURLImageView.m in Sources */,
				813D8B641D23DD4400781E8D /* CxRatingDialog.m in Sources */,
				81A85D851D192B350023249A /* NSFileManager+mt.m in Sources */,
				81C2B2A91D17B9710099D8BF /* SBJsonStreamParser.m in Sources */,
				81C2B2B01D17B9710099D8BF /* SBJsonTokeniser.m in Sources */,
				813D8B4A1D23CC8A00781E8D /* NTHttpManager.m in Sources */,
				81C2B2A71D17B9710099D8BF /* NSObject+SBJson.m in Sources */,
				81A85D881D192C080023249A /* NSObject+mt.m in Sources */,
				81A85D7A1D1927150023249A /* FMDatabaseAdditions.m in Sources */,
				813D8B471D23CA2A00781E8D /* NTHttpRequest.m in Sources */,
				81A85D7E1D1927150023249A /* FMResultSet.m in Sources */,
				81C2B2A61D17B9710099D8BF /* NSData+SBJson.m in Sources */,
				81A85D7C1D1927150023249A /* FMDatabaseQueue.m in Sources */,
				81A85D7B1D1927150023249A /* FMDatabasePool.m in Sources */,
				81A85D8B1D192CEC0023249A /* NSDate+mt.m in Sources */,
				813D8B691D23E21F00781E8D /* UIGraphics+mt.m in Sources */,
				81C2B2AD1D17B9710099D8BF /* SBJsonStreamWriter.m in Sources */,
				81A85D8E1D1930900023249A /* NSString+mt.m in Sources */,
				81829CC21D38DD99007D4ACF /* BounceButton.m in Sources */,
				813D8B651D23DD4400781E8D /* CxToast.m in Sources */,
				81C2B2AB1D17B9710099D8BF /* SBJsonStreamParserAdapter.m in Sources */,
				813D8B631D23DD4400781E8D /* CxPageView.m in Sources */,
				813D8B621D23DD4400781E8D /* CxHorizTableView.m in Sources */,
				813D8B5E1D23DD4400781E8D /* CxActivityIndicator.m in Sources */,
				81A85D941D1936730023249A /* UIImage+mt.m in Sources */,
				813D8B441D23BEDB00781E8D /* NTHttpConnection.m in Sources */,
				813D8B601D23DD4400781E8D /* CxGridView.m in Sources */,
			);
			runOnlyForDeploymentPostprocessing = 0;
		};
/* End PBXSourcesBuildPhase section */

/* Begin PBXVariantGroup section */
		81C2B2751D17B8EB0099D8BF /* Main.storyboard */ = {
			isa = PBXVariantGroup;
			children = (
				81C2B2761D17B8EB0099D8BF /* Base */,
			);
			name = Main.storyboard;
			sourceTree = "<group>";
		};
		81C2B27A1D17B8EB0099D8BF /* LaunchScreen.storyboard */ = {
			isa = PBXVariantGroup;
			children = (
				81C2B27B1D17B8EB0099D8BF /* Base */,
			);
			name = LaunchScreen.storyboard;
			sourceTree = "<group>";
		};
/* End PBXVariantGroup section */

/* Begin XCBuildConfiguration section */
		81C2B27E1D17B8EB0099D8BF /* Debug */ = {
			isa = XCBuildConfiguration;
			buildSettings = {
				ALWAYS_SEARCH_USER_PATHS = NO;
				CLANG_ANALYZER_NONNULL = YES;
				CLANG_CXX_LANGUAGE_STANDARD = "gnu++0x";
				CLANG_CXX_LIBRARY = "libc++";
				CLANG_ENABLE_MODULES = YES;
				CLANG_ENABLE_OBJC_ARC = YES;
				CLANG_WARN_BOOL_CONVERSION = YES;
				CLANG_WARN_CONSTANT_CONVERSION = YES;
				CLANG_WARN_DIRECT_OBJC_ISA_USAGE = YES_ERROR;
				CLANG_WARN_EMPTY_BODY = YES;
				CLANG_WARN_ENUM_CONVERSION = YES;
				CLANG_WARN_INT_CONVERSION = YES;
				CLANG_WARN_OBJC_ROOT_CLASS = YES_ERROR;
				CLANG_WARN_UNREACHABLE_CODE = YES;
				CLANG_WARN__DUPLICATE_METHOD_MATCH = YES;
				"CODE_SIGN_IDENTITY[sdk=iphoneos*]" = "iPhone Developer";
				COPY_PHASE_STRIP = NO;
				DEBUG_INFORMATION_FORMAT = dwarf;
				ENABLE_STRICT_OBJC_MSGSEND = YES;
				ENABLE_TESTABILITY = YES;
				GCC_C_LANGUAGE_STANDARD = gnu99;
				GCC_DYNAMIC_NO_PIC = NO;
				GCC_NO_COMMON_BLOCKS = YES;
				GCC_OPTIMIZATION_LEVEL = 0;
				GCC_PREPROCESSOR_DEFINITIONS = (
					"DEBUG=1",
					"$(inherited)",
				);
				GCC_WARN_64_TO_32_BIT_CONVERSION = YES;
				GCC_WARN_ABOUT_RETURN_TYPE = YES_ERROR;
				GCC_WARN_UNDECLARED_SELECTOR = YES;
				GCC_WARN_UNINITIALIZED_AUTOS = YES_AGGRESSIVE;
				GCC_WARN_UNUSED_FUNCTION = YES;
				GCC_WARN_UNUSED_VARIABLE = YES;
				IPHONEOS_DEPLOYMENT_TARGET = 9.3;
				MTL_ENABLE_DEBUG_INFO = YES;
				ONLY_ACTIVE_ARCH = YES;
				SDKROOT = iphoneos;
			};
			name = Debug;
		};
		81C2B27F1D17B8EB0099D8BF /* Release */ = {
			isa = XCBuildConfiguration;
			buildSettings = {
				ALWAYS_SEARCH_USER_PATHS = NO;
				CLANG_ANALYZER_NONNULL = YES;
				CLANG_CXX_LANGUAGE_STANDARD = "gnu++0x";
				CLANG_CXX_LIBRARY = "libc++";
				CLANG_ENABLE_MODULES = YES;
				CLANG_ENABLE_OBJC_ARC = YES;
				CLANG_WARN_BOOL_CONVERSION = YES;
				CLANG_WARN_CONSTANT_CONVERSION = YES;
				CLANG_WARN_DIRECT_OBJC_ISA_USAGE = YES_ERROR;
				CLANG_WARN_EMPTY_BODY = YES;
				CLANG_WARN_ENUM_CONVERSION = YES;
				CLANG_WARN_INT_CONVERSION = YES;
				CLANG_WARN_OBJC_ROOT_CLASS = YES_ERROR;
				CLANG_WARN_UNREACHABLE_CODE = YES;
				CLANG_WARN__DUPLICATE_METHOD_MATCH = YES;
				"CODE_SIGN_IDENTITY[sdk=iphoneos*]" = "iPhone Developer";
				COPY_PHASE_STRIP = NO;
				DEBUG_INFORMATION_FORMAT = "dwarf-with-dsym";
				ENABLE_NS_ASSERTIONS = NO;
				ENABLE_STRICT_OBJC_MSGSEND = YES;
				GCC_C_LANGUAGE_STANDARD = gnu99;
				GCC_NO_COMMON_BLOCKS = YES;
				GCC_WARN_64_TO_32_BIT_CONVERSION = YES;
				GCC_WARN_ABOUT_RETURN_TYPE = YES_ERROR;
				GCC_WARN_UNDECLARED_SELECTOR = YES;
				GCC_WARN_UNINITIALIZED_AUTOS = YES_AGGRESSIVE;
				GCC_WARN_UNUSED_FUNCTION = YES;
				GCC_WARN_UNUSED_VARIABLE = YES;
				IPHONEOS_DEPLOYMENT_TARGET = 9.3;
				MTL_ENABLE_DEBUG_INFO = NO;
				SDKROOT = iphoneos;
				VALIDATE_PRODUCT = YES;
			};
			name = Release;
		};
		81C2B2811D17B8EB0099D8BF /* Debug */ = {
			isa = XCBuildConfiguration;
			buildSettings = {
				ASSETCATALOG_COMPILER_APPICON_NAME = AppIcon;
				INFOPLIST_FILE = MTFoundationDemo/Info.plist;
				IPHONEOS_DEPLOYMENT_TARGET = 7.0;
				LD_RUNPATH_SEARCH_PATHS = "$(inherited) @executable_path/Frameworks";
				PRODUCT_BUNDLE_IDENTIFIER = xiangby.MTFoundationDemo;
				PRODUCT_NAME = "$(TARGET_NAME)";
			};
			name = Debug;
		};
		81C2B2821D17B8EB0099D8BF /* Release */ = {
			isa = XCBuildConfiguration;
			buildSettings = {
				ASSETCATALOG_COMPILER_APPICON_NAME = AppIcon;
				INFOPLIST_FILE = MTFoundationDemo/Info.plist;
				IPHONEOS_DEPLOYMENT_TARGET = 7.0;
				LD_RUNPATH_SEARCH_PATHS = "$(inherited) @executable_path/Frameworks";
				PRODUCT_BUNDLE_IDENTIFIER = xiangby.MTFoundationDemo;
				PRODUCT_NAME = "$(TARGET_NAME)";
			};
			name = Release;
		};
/* End XCBuildConfiguration section */

/* Begin XCConfigurationList section */
		81C2B2641D17B8EB0099D8BF /* Build configuration list for PBXProject "MTFoundationDemo" */ = {
			isa = XCConfigurationList;
			buildConfigurations = (
				81C2B27E1D17B8EB0099D8BF /* Debug */,
				81C2B27F1D17B8EB0099D8BF /* Release */,
			);
			defaultConfigurationIsVisible = 0;
			defaultConfigurationName = Release;
		};
		81C2B2801D17B8EB0099D8BF /* Build configuration list for PBXNativeTarget "MTFoundationDemo" */ = {
			isa = XCConfigurationList;
			buildConfigurations = (
				81C2B2811D17B8EB0099D8BF /* Debug */,
				81C2B2821D17B8EB0099D8BF /* Release */,
			);
			defaultConfigurationIsVisible = 0;
			defaultConfigurationName = Release;
		};
/* End XCConfigurationList section */
	};
	rootObject = 81C2B2611D17B8EB0099D8BF /* Project object */;
}
